
Microsoft Visual Studio Solution File, Format Version 12.00
# Visual Studio 14
VisualStudioVersion = 14.0.25420.1
MinimumVisualStudioVersion = 10.0.40219.1
Project("{8BC9CEB8-8B4A-11D0-8D11-00A0C91BC942}") = "Exemple", "Exemple\Exemple.vcxproj", "{FCE178D4-5AC8-4BDC-B756-E7C01C57646D}"
EndProject
Project("{2150E333-8FDC-42A3-9474-1A3956D46DE8}") = "Solution Items", "Solution Items", "{60DEB518-8A79-4DEB-96D8-A6E9D98D442C}"
EndProject
Global
	GlobalSection(SolutionConfigurationPlatforms) = preSolution
		Debug|Win32 = Debug|Win32
		Release|Win32 = Release|Win32
	EndGlobalSection
	GlobalSection(ProjectConfigurationPlatforms) = postSolution
		{FCE178D4-5AC8-4BDC-B756-E7C01C57646D}.Debug|Win32.ActiveCfg = Debug|Win32
		{FCE178D4-5AC8-4BDC-B756-E7C01C57646D}.Debug|Win32.Build.0 = Debug|Win32
		{FCE178D4-5AC8-4BDC-B756-E7C01C57646D}.Release|Win32.ActiveCfg = Release|Win32
		{FCE178D4-5AC8-4BDC-B756-E7C01C57646D}.Release|Win32.Build.0 = Release|Win32
	EndGlobalSection
	GlobalSection(SolutionProperties) = preSolution
		HideSolutionNode = FALSE
	EndGlobalSection
EndGlobal
